
Microsoft Visual Studio Solution File, Format Version 12.00
# Visual Studio 15
VisualStudioVersion = 15.0.27703.2000
MinimumVisualStudioVersion = 10.0.40219.1
Project("{FAE04EC0-301F-11D3-BF4B-00C04F79EFBC}") = "Gcodes", "Gcodes\Gcodes.csproj", "{196C59DA-B880-465D-A1BB-C114067CA838}"
EndProject
Project("{FAE04EC0-301F-11D3-BF4B-00C04F79EFBC}") = "Gcodes.Test", "Gcodes.Test\Gcodes.Test.csproj", "{8EB51AC3-86B9-462E-AA48-1CC48E3D6129}"
EndProject
Global
	GlobalSection(SolutionConfigurationPlatforms) = preSolution
		Debug|Any CPU = Debug|Any CPU
		Release|Any CPU = Release|Any CPU
	EndGlobalSection
	GlobalSection(ProjectConfigurationPlatforms) = postSolution
		{196C59DA-B880-465D-A1BB-C114067CA838}.Debug|Any CPU.ActiveCfg = Debug|Any CPU
		{196C59DA-B880-465D-A1BB-C114067CA838}.Debug|Any CPU.Build.0 = Debug|Any CPU
		{196C59DA-B880-465D-A1BB-C114067CA838}.Release|Any CPU.ActiveCfg = Release|Any CPU
		{196C59DA-B880-465D-A1BB-C114067CA838}.Release|Any CPU.Build.0 = Release|Any CPU
		{8EB51AC3-86B9-462E-AA48-1CC48E3D6129}.Debug|Any CPU.ActiveCfg = Debug|Any CPU
		{8EB51AC3-86B9-462E-AA48-1CC48E3D6129}.Debug|Any CPU.Build.0 = Debug|Any CPU
		{8EB51AC3-86B9-462E-AA48-1CC48E3D6129}.Release|Any CPU.ActiveCfg = Release|Any CPU
		{8EB51AC3-86B9-462E-AA48-1CC48E3D6129}.Release|Any CPU.Build.0 = Release|Any CPU
	EndGlobalSection
	GlobalSection(SolutionProperties) = preSolution
		HideSolutionNode = FALSE
	EndGlobalSection
	GlobalSection(ExtensibilityGlobals) = postSolution
		SolutionGuid = {DE73C900-280E-4705-8B8C-3A1CC7E4931E}
	EndGlobalSection
EndGlobal
